<Solution>
  <Folder Name="/Solution Items/">
    <File Path="README.md" />
  </Folder>
  <Project Path="BankingSystem.Application/BankingSystem.Application.csproj" />
  <Project Path="BankingSystem.Domain/BankingSystem.Domain.csproj" />
  <Project Path="BankingSystem.Infrastructure/BankingSystem.Infrastructure.csproj" />
  <Project Path="BankingSystem.UnitTests/BankingSystem.UnitTests.csproj" />
  <Project Path="BankingSystem/BankingSystem.API.csproj" />
</Solution>
