<Solution>
  <Project Path="BankingSystem.Application/BankingSystem.Application.csproj">
    <Build Solution="Debug|*" Project="true" />
  </Project>
  <Project Path="BankingSystem.Domain/BankingSystem.Domain.csproj" />
  <Project Path="BankingSystem.Infrastructure/BankingSystem.Infrastructure.csproj" />
  <Project Path="BankingSystem.UnitTests/BankingSystem.UnitTests.csproj" />
  <Project Path="BankingSystem/BankingSystem.API.csproj" />
</Solution>
